
Microsoft Visual Studio Solution File, Format Version 12.00
# Visual Studio Version 17
VisualStudioVersion = 17.4.33110.190
MinimumVisualStudioVersion = 10.0.40219.1
Project("{FAE04EC0-301F-11D3-BF4B-00C04F79EFBC}") = "QuanLyHocPhi", "QuanLyHocPhi\QuanLyHocPhi.csproj", "{381F4641-D6F8-41C3-8396-E0A6687E0387}"
EndProject
Global
	GlobalSection(SolutionConfigurationPlatforms) = preSolution
		Debug|Any CPU = Debug|Any CPU
		Release|Any CPU = Release|Any CPU
	EndGlobalSection
	GlobalSection(ProjectConfigurationPlatforms) = postSolution
		{381F4641-D6F8-41C3-8396-E0A6687E0387}.Debug|Any CPU.ActiveCfg = Debug|Any CPU
		{381F4641-D6F8-41C3-8396-E0A6687E0387}.Debug|Any CPU.Build.0 = Debug|Any CPU
		{381F4641-D6F8-41C3-8396-E0A6687E0387}.Release|Any CPU.ActiveCfg = Release|Any CPU
		{381F4641-D6F8-41C3-8396-E0A6687E0387}.Release|Any CPU.Build.0 = Release|Any CPU
	EndGlobalSection
	GlobalSection(SolutionProperties) = preSolution
		HideSolutionNode = FALSE
	EndGlobalSection
	GlobalSection(ExtensibilityGlobals) = postSolution
		SolutionGuid = {C61DAF6A-5FDF-499B-8AC4-D79FFA29DF9A}
	EndGlobalSection
EndGlobal
